
Microsoft Visual Studio Solution File, Format Version 12.00
# Visual Studio Version 17
VisualStudioVersion = 17.5.2.0
MinimumVisualStudioVersion = 10.0.40219.1
Project("{FAE04EC0-301F-11D3-BF4B-00C04F79EFBC}") = "BE", "BE\BE.csproj", "{DB6A4788-9AE9-B8B1-CF86-15FDCB6550FE}"
EndProject
Project("{FAE04EC0-301F-11D3-BF4B-00C04F79EFBC}") = "HomeCare.SystemTest", "HomeCare.SystemTest\HomeCare.SystemTest.csproj", "{A7001EEF-157D-4332-BBC5-4944E92DD5C0}"
EndProject
Global
	GlobalSection(SolutionConfigurationPlatforms) = preSolution
		Debug|Any CPU = Debug|Any CPU
		Debug|x64 = Debug|x64
		Debug|x86 = Debug|x86
		Release|Any CPU = Release|Any CPU
		Release|x64 = Release|x64
		Release|x86 = Release|x86
	EndGlobalSection
	GlobalSection(ProjectConfigurationPlatforms) = postSolution
		{DB6A4788-9AE9-B8B1-CF86-15FDCB6550FE}.Debug|Any CPU.ActiveCfg = Debug|Any CPU
		{DB6A4788-9AE9-B8B1-CF86-15FDCB6550FE}.Debug|Any CPU.Build.0 = Debug|Any CPU
		{DB6A4788-9AE9-B8B1-CF86-15FDCB6550FE}.Debug|x64.ActiveCfg = Debug|Any CPU
		{DB6A4788-9AE9-B8B1-CF86-15FDCB6550FE}.Debug|x64.Build.0 = Debug|Any CPU
		{DB6A4788-9AE9-B8B1-CF86-15FDCB6550FE}.Debug|x86.ActiveCfg = Debug|Any CPU
		{DB6A4788-9AE9-B8B1-CF86-15FDCB6550FE}.Debug|x86.Build.0 = Debug|Any CPU
		{DB6A4788-9AE9-B8B1-CF86-15FDCB6550FE}.Release|Any CPU.ActiveCfg = Release|Any CPU
		{DB6A4788-9AE9-B8B1-CF86-15FDCB6550FE}.Release|Any CPU.Build.0 = Release|Any CPU
		{DB6A4788-9AE9-B8B1-CF86-15FDCB6550FE}.Release|x64.ActiveCfg = Release|Any CPU
		{DB6A4788-9AE9-B8B1-CF86-15FDCB6550FE}.Release|x64.Build.0 = Release|Any CPU
		{DB6A4788-9AE9-B8B1-CF86-15FDCB6550FE}.Release|x86.ActiveCfg = Release|Any CPU
		{DB6A4788-9AE9-B8B1-CF86-15FDCB6550FE}.Release|x86.Build.0 = Release|Any CPU
		{A7001EEF-157D-4332-BBC5-4944E92DD5C0}.Debug|Any CPU.ActiveCfg = Debug|Any CPU
		{A7001EEF-157D-4332-BBC5-4944E92DD5C0}.Debug|Any CPU.Build.0 = Debug|Any CPU
		{A7001EEF-157D-4332-BBC5-4944E92DD5C0}.Debug|x64.ActiveCfg = Debug|Any CPU
		{A7001EEF-157D-4332-BBC5-4944E92DD5C0}.Debug|x64.Build.0 = Debug|Any CPU
		{A7001EEF-157D-4332-BBC5-4944E92DD5C0}.Debug|x86.ActiveCfg = Debug|Any CPU
		{A7001EEF-157D-4332-BBC5-4944E92DD5C0}.Debug|x86.Build.0 = Debug|Any CPU
		{A7001EEF-157D-4332-BBC5-4944E92DD5C0}.Release|Any CPU.ActiveCfg = Release|Any CPU
		{A7001EEF-157D-4332-BBC5-4944E92DD5C0}.Release|Any CPU.Build.0 = Release|Any CPU
		{A7001EEF-157D-4332-BBC5-4944E92DD5C0}.Release|x64.ActiveCfg = Release|Any CPU
		{A7001EEF-157D-4332-BBC5-4944E92DD5C0}.Release|x64.Build.0 = Release|Any CPU
		{A7001EEF-157D-4332-BBC5-4944E92DD5C0}.Release|x86.ActiveCfg = Release|Any CPU
		{A7001EEF-157D-4332-BBC5-4944E92DD5C0}.Release|x86.Build.0 = Release|Any CPU
	EndGlobalSection
	GlobalSection(SolutionProperties) = preSolution
		HideSolutionNode = FALSE
	EndGlobalSection
	GlobalSection(ExtensibilityGlobals) = postSolution
		SolutionGuid = {F08706CF-D03C-4B89-8487-B07FD34BB80E}
	EndGlobalSection
EndGlobal
